{
  "name": "j2k",
  "lockfileVersion": 3,
  "requires": true,
  "packages": {
    "": {
      "dependencies": {
        "@cornerstonejs/codec-openjpeg": "^1.3.0"
      }
    },
    "node_modules/@cornerstonejs/codec-openjpeg": {
      "version": "1.3.0",
      "resolved": "https://registry.npmjs.org/@cornerstonejs/codec-openjpeg/-/codec-openjpeg-1.3.0.tgz",
      "integrity": "sha512-hP8WAZ63AcaDYmHbBVTY04x424AglXsRHrI6VBdW4eTiJ76f0heWrEodT9Sb3sNwazzYuyMOIZNndJPeVSeHcw==",
      "license": "MIT",
      "engines": {
        "node": ">=0.14"
      }
    }
  }
}
